// !$*UTF8*$!
{
	archiveVersion = 1;
	classes = {
	};
	objectVersion = 46;
	objects = {

/* Begin PBXBuildFile section */
		1FA8D54B1A051361001547FB /* AppDelegate.swift in Sources */ = {isa = PBXBuildFile; fileRef = 1FA8D54A1A051361001547FB /* AppDelegate.swift */; };
		1FA8D54D1A051361001547FB /* ViewController.swift in Sources */ = {isa = PBXBuildFile; fileRef = 1FA8D54C1A051361001547FB /* ViewController.swift */; };
		1FA8D5501A051361001547FB /* Main.storyboard in Resources */ = {isa = PBXBuildFile; fileRef = 1FA8D54E1A051361001547FB /* Main.storyboard */; };
		1FA8D5521A051361001547FB /* Images.xcassets in Resources */ = {isa = PBXBuildFile; fileRef = 1FA8D5511A051361001547FB /* Images.xcassets */; };
		1FA8D5551A051361001547FB /* LaunchScreen.xib in Resources */ = {isa = PBXBuildFile; fileRef = 1FA8D5531A051361001547FB /* LaunchScreen.xib */; };
		1FA8D5611A051361001547FB /* ProductBoardTests.swift in Sources */ = {isa = PBXBuildFile; fileRef = 1FA8D5601A051361001547FB /* ProductBoardTests.swift */; };
		1FA8D56D1A051EDD001547FB /* SagradaFamilia.jpeg in Resources */ = {isa = PBXBuildFile; fileRef = 1FA8D56C1A051EDD001547FB /* SagradaFamilia.jpeg */; };
		1FC1FB301A0551A0002FB2AD /* AlbertEinsteinStamp.jpg in Resources */ = {isa = PBXBuildFile; fileRef = 1FC1FB2F1A0551A0002FB2AD /* AlbertEinsteinStamp.jpg */; };
/* End PBXBuildFile section */

/* Begin PBXContainerItemProxy section */
		1FA8D55B1A051361001547FB /* PBXContainerItemProxy */ = {
			isa = PBXContainerItemProxy;
			containerPortal = 1FA8D53D1A051361001547FB /* Project object */;
			proxyType = 1;
			remoteGlobalIDString = 1FA8D5441A051361001547FB;
			remoteInfo = ProductBoard;
		};
/* End PBXContainerItemProxy section */

/* Begin PBXFileReference section */
		1FA8D5451A051361001547FB /* ProductBoard.app */ = {isa = PBXFileReference; explicitFileType = wrapper.application; includeInIndex = 0; path = ProductBoard.app; sourceTree = BUILT_PRODUCTS_DIR; };
		1FA8D5491A051361001547FB /* Info.plist */ = {isa = PBXFileReference; lastKnownFileType = text.plist.xml; path = Info.plist; sourceTree = "<group>"; };
		1FA8D54A1A051361001547FB /* AppDelegate.swift */ = {isa = PBXFileReference; lastKnownFileType = sourcecode.swift; path = AppDelegate.swift; sourceTree = "<group>"; };
		1FA8D54C1A051361001547FB /* ViewController.swift */ = {isa = PBXFileReference; lastKnownFileType = sourcecode.swift; path = ViewController.swift; sourceTree = "<group>"; };
		1FA8D54F1A051361001547FB /* Base */ = {isa = PBXFileReference; lastKnownFileType = file.storyboard; name = Base; path = Base.lproj/Main.storyboard; sourceTree = "<group>"; };
		1FA8D5511A051361001547FB /* Images.xcassets */ = {isa = PBXFileReference; lastKnownFileType = folder.assetcatalog; path = Images.xcassets; sourceTree = "<group>"; };
		1FA8D5541A051361001547FB /* Base */ = {isa = PBXFileReference; lastKnownFileType = file.xib; name = Base; path = Base.lproj/LaunchScreen.xib; sourceTree = "<group>"; };
		1FA8D55A1A051361001547FB /* ProductBoardTests.xctest */ = {isa = PBXFileReference; explicitFileType = wrapper.cfbundle; includeInIndex = 0; path = ProductBoardTests.xctest; sourceTree = BUILT_PRODUCTS_DIR; };
		1FA8D55F1A051361001547FB /* Info.plist */ = {isa = PBXFileReference; lastKnownFileType = text.plist.xml; path = Info.plist; sourceTree = "<group>"; };
		1FA8D5601A051361001547FB /* ProductBoardTests.swift */ = {isa = PBXFileReference; lastKnownFileType = sourcecode.swift; path = ProductBoardTests.swift; sourceTree = "<group>"; };
		1FA8D56C1A051EDD001547FB /* SagradaFamilia.jpeg */ = {isa = PBXFileReference; lastKnownFileType = image.jpeg; path = SagradaFamilia.jpeg; sourceTree = "<group>"; };
		1FC1FB2F1A0551A0002FB2AD /* AlbertEinsteinStamp.jpg */ = {isa = PBXFileReference; lastKnownFileType = image.jpeg; path = AlbertEinsteinStamp.jpg; sourceTree = "<group>"; };
/* End PBXFileReference section */

/* Begin PBXFrameworksBuildPhase section */
		1FA8D5421A051361001547FB /* Frameworks */ = {
			isa = PBXFrameworksBuildPhase;
			buildActionMask = 2147483647;
			files = (
			);
			runOnlyForDeploymentPostprocessing = 0;
		};
		1FA8D5571A051361001547FB /* Frameworks */ = {
			isa = PBXFrameworksBuildPhase;
			buildActionMask = 2147483647;
			files = (
			);
			runOnlyForDeploymentPostprocessing = 0;
		};
/* End PBXFrameworksBuildPhase section */

/* Begin PBXGroup section */
		1FA8D53C1A051361001547FB = {
			isa = PBXGroup;
			children = (
				1FA8D5471A051361001547FB /* ProductBoard */,
				1FA8D55D1A051361001547FB /* ProductBoardTests */,
				1FA8D5461A051361001547FB /* Products */,
			);
			sourceTree = "<group>";
		};
		1FA8D5461A051361001547FB /* Products */ = {
			isa = PBXGroup;
			children = (
				1FA8D5451A051361001547FB /* ProductBoard.app */,
				1FA8D55A1A051361001547FB /* ProductBoardTests.xctest */,
			);
			name = Products;
			sourceTree = "<group>";
		};
		1FA8D5471A051361001547FB /* ProductBoard */ = {
			isa = PBXGroup;
			children = (
				1FA8D54A1A051361001547FB /* AppDelegate.swift */,
				1FA8D54C1A051361001547FB /* ViewController.swift */,
				1FA8D54E1A051361001547FB /* Main.storyboard */,
				1FA8D5511A051361001547FB /* Images.xcassets */,
				1FA8D5531A051361001547FB /* LaunchScreen.xib */,
				1FA8D5481A051361001547FB /* Supporting Files */,
			);
			path = ProductBoard;
			sourceTree = "<group>";
		};
		1FA8D5481A051361001547FB /* Supporting Files */ = {
			isa = PBXGroup;
			children = (
				1FC1FB2F1A0551A0002FB2AD /* AlbertEinsteinStamp.jpg */,
				1FA8D56C1A051EDD001547FB /* SagradaFamilia.jpeg */,
				1FA8D5491A051361001547FB /* Info.plist */,
			);
			name = "Supporting Files";
			sourceTree = "<group>";
		};
		1FA8D55D1A051361001547FB /* ProductBoardTests */ = {
			isa = PBXGroup;
			children = (
				1FA8D5601A051361001547FB /* ProductBoardTests.swift */,
				1FA8D55E1A051361001547FB /* Supporting Files */,
			);
			path = ProductBoardTests;
			sourceTree = "<group>";
		};
		1FA8D55E1A051361001547FB /* Supporting Files */ = {
			isa = PBXGroup;
			children = (
				1FA8D55F1A051361001547FB /* Info.plist */,
			);
			name = "Supporting Files";
			sourceTree = "<group>";
		};
/* End PBXGroup section */

/* Begin PBXNativeTarget section */
		1FA8D5441A051361001547FB /* ProductBoard */ = {
			isa = PBXNativeTarget;
			buildConfigurationList = 1FA8D5641A051361001547FB /* Build configuration list for PBXNativeTarget "ProductBoard" */;
			buildPhases = (
				1FA8D5411A051361001547FB /* Sources */,
				1FA8D5421A051361001547FB /* Frameworks */,
				1FA8D5431A051361001547FB /* Resources */,
			);
			buildRules = (
			);
			dependencies = (
			);
			name = ProductBoard;
			productName = ProductBoard;
			productReference = 1FA8D5451A051361001547FB /* ProductBoard.app */;
			productType = "com.apple.product-type.application";
		};
		1FA8D5591A051361001547FB /* ProductBoardTests */ = {
			isa = PBXNativeTarget;
			buildConfigurationList = 1FA8D5671A051361001547FB /* Build configuration list for PBXNativeTarget "ProductBoardTests" */;
			buildPhases = (
				1FA8D5561A051361001547FB /* Sources */,
				1FA8D5571A051361001547FB /* Frameworks */,
				1FA8D5581A051361001547FB /* Resources */,
			);
			buildRules = (
			);
			dependencies = (
				1FA8D55C1A051361001547FB /* PBXTargetDependency */,
			);
			name = ProductBoardTests;
			productName = ProductBoardTests;
			productReference = 1FA8D55A1A051361001547FB /* ProductBoardTests.xctest */;
			productType = "com.apple.product-type.bundle.unit-test";
		};
/* End PBXNativeTarget section */

/* Begin PBXProject section */
		1FA8D53D1A051361001547FB /* Project object */ = {
			isa = PBXProject;
			attributes = {
				LastUpgradeCheck = 0610;
				ORGANIZATIONNAME = "Diego Caxito";
				TargetAttributes = {
					1FA8D5441A051361001547FB = {
						CreatedOnToolsVersion = 6.1;
					};
					1FA8D5591A051361001547FB = {
						CreatedOnToolsVersion = 6.1;
						TestTargetID = 1FA8D5441A051361001547FB;
					};
				};
			};
			buildConfigurationList = 1FA8D5401A051361001547FB /* Build configuration list for PBXProject "ProductBoard" */;
			compatibilityVersion = "Xcode 3.2";
			developmentRegion = English;
			hasScannedForEncodings = 0;
			knownRegions = (
				en,
				Base,
			);
			mainGroup = 1FA8D53C1A051361001547FB;
			productRefGroup = 1FA8D5461A051361001547FB /* Products */;
			projectDirPath = "";
			projectRoot = "";
			targets = (
				1FA8D5441A051361001547FB /* ProductBoard */,
				1FA8D5591A051361001547FB /* ProductBoardTests */,
			);
		};
/* End PBXProject section */

/* Begin PBXResourcesBuildPhase section */
		1FA8D5431A051361001547FB /* Resources */ = {
			isa = PBXResourcesBuildPhase;
			buildActionMask = 2147483647;
			files = (
				1FA8D5501A051361001547FB /* Main.storyboard in Resources */,
				1FA8D56D1A051EDD001547FB /* SagradaFamilia.jpeg in Resources */,
				1FC1FB301A0551A0002FB2AD /* AlbertEinsteinStamp.jpg in Resources */,
				1FA8D5551A051361001547FB /* LaunchScreen.xib in Resources */,
				1FA8D5521A051361001547FB /* Images.xcassets in Resources */,
			);
			runOnlyForDeploymentPostprocessing = 0;
		};
		1FA8D5581A051361001547FB /* Resources */ = {
			isa = PBXResourcesBuildPhase;
			buildActionMask = 2147483647;
			files = (
			);
			runOnlyForDeploymentPostprocessing = 0;
		};
/* End PBXResourcesBuildPhase section */

/* Begin PBXSourcesBuildPhase section */
		1FA8D5411A051361001547FB /* Sources */ = {
			isa = PBXSourcesBuildPhase;
			buildActionMask = 2147483647;
			files = (
				1FA8D54D1A051361001547FB /* ViewController.swift in Sources */,
				1FA8D54B1A051361001547FB /* AppDelegate.swift in Sources */,
			);
			runOnlyForDeploymentPostprocessing = 0;
		};
		1FA8D5561A051361001547FB /* Sources */ = {
			isa = PBXSourcesBuildPhase;
			buildActionMask = 2147483647;
			files = (
				1FA8D5611A051361001547FB /* ProductBoardTests.swift in Sources */,
			);
			runOnlyForDeploymentPostprocessing = 0;
		};
/* End PBXSourcesBuildPhase section */

/* Begin PBXTargetDependency section */
		1FA8D55C1A051361001547FB /* PBXTargetDependency */ = {
			isa = PBXTargetDependency;
			target = 1FA8D5441A051361001547FB /* ProductBoard */;
			targetProxy = 1FA8D55B1A051361001547FB /* PBXContainerItemProxy */;
		};
/* End PBXTargetDependency section */

/* Begin PBXVariantGroup section */
		1FA8D54E1A051361001547FB /* Main.storyboard */ = {
			isa = PBXVariantGroup;
			children = (
				1FA8D54F1A051361001547FB /* Base */,
			);
			name = Main.storyboard;
			sourceTree = "<group>";
		};
		1FA8D5531A051361001547FB /* LaunchScreen.xib */ = {
			isa = PBXVariantGroup;
			children = (
				1FA8D5541A051361001547FB /* Base */,
			);
			name = LaunchScreen.xib;
			sourceTree = "<group>";
		};
/* End PBXVariantGroup section */

/* Begin XCBuildConfiguration section */
		1FA8D5621A051361001547FB /* Debug */ = {
			isa = XCBuildConfiguration;
			buildSettings = {
				ALWAYS_SEARCH_USER_PATHS = NO;
				CLANG_CXX_LANGUAGE_STANDARD = "gnu++0x";
				CLANG_CXX_LIBRARY = "libc++";
				CLANG_ENABLE_MODULES = YES;
				CLANG_ENABLE_OBJC_ARC = YES;
				CLANG_WARN_BOOL_CONVERSION = YES;
				CLANG_WARN_CONSTANT_CONVERSION = YES;
				CLANG_WARN_DIRECT_OBJC_ISA_USAGE = YES_ERROR;
				CLANG_WARN_EMPTY_BODY = YES;
				CLANG_WARN_ENUM_CONVERSION = YES;
				CLANG_WARN_INT_CONVERSION = YES;
				CLANG_WARN_OBJC_ROOT_CLASS = YES_ERROR;
				CLANG_WARN_UNREACHABLE_CODE = YES;
				CLANG_WARN__DUPLICATE_METHOD_MATCH = YES;
				"CODE_SIGN_IDENTITY[sdk=iphoneos*]" = "iPhone Developer";
				COPY_PHASE_STRIP = NO;
				ENABLE_STRICT_OBJC_MSGSEND = YES;
				GCC_C_LANGUAGE_STANDARD = gnu99;
				GCC_DYNAMIC_NO_PIC = NO;
				GCC_OPTIMIZATION_LEVEL = 0;
				GCC_PREPROCESSOR_DEFINITIONS = (
					"DEBUG=1",
					"$(inherited)",
				);
				GCC_SYMBOLS_PRIVATE_EXTERN = NO;
				GCC_WARN_64_TO_32_BIT_CONVERSION = YES;
				GCC_WARN_ABOUT_RETURN_TYPE = YES_ERROR;
				GCC_WARN_UNDECLARED_SELECTOR = YES;
				GCC_WARN_UNINITIALIZED_AUTOS = YES_AGGRESSIVE;
				GCC_WARN_UNUSED_FUNCTION = YES;
				GCC_WARN_UNUSED_VARIABLE = YES;
				IPHONEOS_DEPLOYMENT_TARGET = 8.1;
				MTL_ENABLE_DEBUG_INFO = YES;
				ONLY_ACTIVE_ARCH = YES;
				SDKROOT = iphoneos;
				SWIFT_OPTIMIZATION_LEVEL = "-Onone";
				TARGETED_DEVICE_FAMILY = "1,2";
			};
			name = Debug;
		};
		1FA8D5631A051361001547FB /* Release */ = {
			isa = XCBuildConfiguration;
			buildSettings = {
				ALWAYS_SEARCH_USER_PATHS = NO;
				CLANG_CXX_LANGUAGE_STANDARD = "gnu++0x";
				CLANG_CXX_LIBRARY = "libc++";
				CLANG_ENABLE_MODULES = YES;
				CLANG_ENABLE_OBJC_ARC = YES;
				CLANG_WARN_BOOL_CONVERSION = YES;
				CLANG_WARN_CONSTANT_CONVERSION = YES;
				CLANG_WARN_DIRECT_OBJC_ISA_USAGE = YES_ERROR;
				CLANG_WARN_EMPTY_BODY = YES;
				CLANG_WARN_ENUM_CONVERSION = YES;
				CLANG_WARN_INT_CONVERSION = YES;
				CLANG_WARN_OBJC_ROOT_CLASS = YES_ERROR;
				CLANG_WARN_UNREACHABLE_CODE = YES;
				CLANG_WARN__DUPLICATE_METHOD_MATCH = YES;
				"CODE_SIGN_IDENTITY[sdk=iphoneos*]" = "iPhone Developer";
				COPY_PHASE_STRIP = YES;
				ENABLE_NS_ASSERTIONS = NO;
				ENABLE_STRICT_OBJC_MSGSEND = YES;
				GCC_C_LANGUAGE_STANDARD = gnu99;
				GCC_WARN_64_TO_32_BIT_CONVERSION = YES;
				GCC_WARN_ABOUT_RETURN_TYPE = YES_ERROR;
				GCC_WARN_UNDECLARED_SELECTOR = YES;
				GCC_WARN_UNINITIALIZED_AUTOS = YES_AGGRESSIVE;
				GCC_WARN_UNUSED_FUNCTION = YES;
				GCC_WARN_UNUSED_VARIABLE = YES;
				IPHONEOS_DEPLOYMENT_TARGET = 8.1;
				MTL_ENABLE_DEBUG_INFO = NO;
				SDKROOT = iphoneos;
				TARGETED_DEVICE_FAMILY = "1,2";
				VALIDATE_PRODUCT = YES;
			};
			name = Release;
		};
		1FA8D5651A051361001547FB /* Debug */ = {
			isa = XCBuildConfiguration;
			buildSettings = {
				ASSETCATALOG_COMPILER_APPICON_NAME = AppIcon;
				INFOPLIST_FILE = ProductBoard/Info.plist;
				LD_RUNPATH_SEARCH_PATHS = "$(inherited) @executable_path/Frameworks";
				PRODUCT_NAME = "$(TARGET_NAME)";
			};
			name = Debug;
		};
		1FA8D5661A051361001547FB /* Release */ = {
			isa = XCBuildConfiguration;
			buildSettings = {
				ASSETCATALOG_COMPILER_APPICON_NAME = AppIcon;
				INFOPLIST_FILE = ProductBoard/Info.plist;
				LD_RUNPATH_SEARCH_PATHS = "$(inherited) @executable_path/Frameworks";
				PRODUCT_NAME = "$(TARGET_NAME)";
			};
			name = Release;
		};
		1FA8D5681A051361001547FB /* Debug */ = {
			isa = XCBuildConfiguration;
			buildSettings = {
				BUNDLE_LOADER = "$(TEST_HOST)";
				FRAMEWORK_SEARCH_PATHS = (
					"$(SDKROOT)/Developer/Library/Frameworks",
					"$(inherited)",
				);
				GCC_PREPROCESSOR_DEFINITIONS = (
					"DEBUG=1",
					"$(inherited)",
				);
				INFOPLIST_FILE = ProductBoardTests/Info.plist;
				LD_RUNPATH_SEARCH_PATHS = "$(inherited) @executable_path/Frameworks @loader_path/Frameworks";
				PRODUCT_NAME = "$(TARGET_NAME)";
				TEST_HOST = "$(BUILT_PRODUCTS_DIR)/ProductBoard.app/ProductBoard";
			};
			name = Debug;
		};
		1FA8D5691A051361001547FB /* Release */ = {
			isa = XCBuildConfiguration;
			buildSettings = {
				BUNDLE_LOADER = "$(TEST_HOST)";
				FRAMEWORK_SEARCH_PATHS = (
					"$(SDKROOT)/Developer/Library/Frameworks",
					"$(inherited)",
				);
				INFOPLIST_FILE = ProductBoardTests/Info.plist;
				LD_RUNPATH_SEARCH_PATHS = "$(inherited) @executable_path/Frameworks @loader_path/Frameworks";
				PRODUCT_NAME = "$(TARGET_NAME)";
				TEST_HOST = "$(BUILT_PRODUCTS_DIR)/ProductBoard.app/ProductBoard";
			};
			name = Release;
		};
/* End XCBuildConfiguration section */

/* Begin XCConfigurationList section */
		1FA8D5401A051361001547FB /* Build configuration list for PBXProject "ProductBoard" */ = {
			isa = XCConfigurationList;
			buildConfigurations = (
				1FA8D5621A051361001547FB /* Debug */,
				1FA8D5631A051361001547FB /* Release */,
			);
			defaultConfigurationIsVisible = 0;
			defaultConfigurationName = Release;
		};
		1FA8D5641A051361001547FB /* Build configuration list for PBXNativeTarget "ProductBoard" */ = {
			isa = XCConfigurationList;
			buildConfigurations = (
				1FA8D5651A051361001547FB /* Debug */,
				1FA8D5661A051361001547FB /* Release */,
			);
			defaultConfigurationIsVisible = 0;
			defaultConfigurationName = Release;
		};
		1FA8D5671A051361001547FB /* Build configuration list for PBXNativeTarget "ProductBoardTests" */ = {
			isa = XCConfigurationList;
			buildConfigurations = (
				1FA8D5681A051361001547FB /* Debug */,
				1FA8D5691A051361001547FB /* Release */,
			);
			defaultConfigurationIsVisible = 0;
			defaultConfigurationName = Release;
		};
/* End XCConfigurationList section */
	};
	rootObject = 1FA8D53D1A051361001547FB /* Project object */;
}
